
Microsoft Visual Studio Solution File, Format Version 12.00
# Visual Studio Version 17
VisualStudioVersion = 17.2.32630.192
MinimumVisualStudioVersion = 10.0.40219.1
Project("{9A19103F-16F7-4668-BE54-9A1E7A4F7556}") = "R5T.F0140.Construction", "R5T.F0140.Construction\R5T.F0140.Construction.csproj", "{D7387474-7550-4BA3-B982-0411C6FB60E4}"
EndProject
Project("{9A19103F-16F7-4668-BE54-9A1E7A4F7556}") = "R5T.F0140", "R5T.F0140\R5T.F0140.csproj", "{888A9F19-C3E8-4EEE-86A3-5289E49B825C}"
EndProject
Global
	GlobalSection(SolutionConfigurationPlatforms) = preSolution
		Debug|Any CPU = Debug|Any CPU
		Release|Any CPU = Release|Any CPU
	EndGlobalSection
	GlobalSection(ProjectConfigurationPlatforms) = postSolution
		{D7387474-7550-4BA3-B982-0411C6FB60E4}.Debug|Any CPU.ActiveCfg = Debug|Any CPU
		{D7387474-7550-4BA3-B982-0411C6FB60E4}.Debug|Any CPU.Build.0 = Debug|Any CPU
		{D7387474-7550-4BA3-B982-0411C6FB60E4}.Release|Any CPU.ActiveCfg = Release|Any CPU
		{D7387474-7550-4BA3-B982-0411C6FB60E4}.Release|Any CPU.Build.0 = Release|Any CPU
		{888A9F19-C3E8-4EEE-86A3-5289E49B825C}.Debug|Any CPU.ActiveCfg = Debug|Any CPU
		{888A9F19-C3E8-4EEE-86A3-5289E49B825C}.Debug|Any CPU.Build.0 = Debug|Any CPU
		{888A9F19-C3E8-4EEE-86A3-5289E49B825C}.Release|Any CPU.ActiveCfg = Release|Any CPU
		{888A9F19-C3E8-4EEE-86A3-5289E49B825C}.Release|Any CPU.Build.0 = Release|Any CPU
	EndGlobalSection
	GlobalSection(SolutionProperties) = preSolution
		HideSolutionNode = FALSE
	EndGlobalSection
	GlobalSection(ExtensibilityGlobals) = postSolution
		SolutionGuid = {E6FAD635-F8D0-473E-9D2A-A4728D93A3A8}
	EndGlobalSection
EndGlobal
