
Microsoft Visual Studio Solution File, Format Version 12.00
# Visual Studio Version 17
VisualStudioVersion = 17.2.32630.192
MinimumVisualStudioVersion = 10.0.40219.1
Project("{9A19103F-16F7-4668-BE54-9A1E7A4F7556}") = "R5T.F0140.Construction", "R5T.F0140.Construction\R5T.F0140.Construction.csproj", "{D7387474-7550-4BA3-B982-0411C6FB60E4}"
EndProject
Project("{9A19103F-16F7-4668-BE54-9A1E7A4F7556}") = "R5T.F0140", "R5T.F0140\R5T.F0140.csproj", "{888A9F19-C3E8-4EEE-86A3-5289E49B825C}"
EndProject
Project("{2150E333-8FDC-42A3-9474-1A3956D46DE8}") = "_Dependencies", "_Dependencies", "{7E3EF95D-3AB9-4E33-A226-8ED7A6E4DF76}"
EndProject
Project("{9A19103F-16F7-4668-BE54-9A1E7A4F7556}") = "R5T.T0132", "..\..\R5T.T0132\source\R5T.T0132\R5T.T0132.csproj", "{98762D30-582C-4E53-890D-AFF38C94309B}"
EndProject
Project("{9A19103F-16F7-4668-BE54-9A1E7A4F7556}") = "R5T.T0142", "..\..\R5T.T0142\source\R5T.T0142\R5T.T0142.csproj", "{FBE828C8-445E-451B-A451-A95DA4D2607E}"
EndProject
Project("{9A19103F-16F7-4668-BE54-9A1E7A4F7556}") = "R5T.T0143", "..\..\R5T.T0143\source\R5T.T0143\R5T.T0143.csproj", "{BA1D97FB-28DC-47A9-A1C4-9A8CBFC009F3}"
EndProject
Project("{9A19103F-16F7-4668-BE54-9A1E7A4F7556}") = "R5T.T0150", "..\..\R5T.T0150\source\R5T.T0150\R5T.T0150.csproj", "{4E231168-4452-45E5-B76D-1F6669394E45}"
EndProject
Project("{9A19103F-16F7-4668-BE54-9A1E7A4F7556}") = "R5T.T0151", "..\..\R5T.T0151\source\R5T.T0151\R5T.T0151.csproj", "{91566F99-6C19-437E-83CE-2FD2539EFFA3}"
EndProject
Project("{9A19103F-16F7-4668-BE54-9A1E7A4F7556}") = "R5T.T0172", "..\..\R5T.T0172\source\R5T.T0172\R5T.T0172.csproj", "{818CFCED-B98D-4996-9006-EAAD89451E63}"
EndProject
Project("{9A19103F-16F7-4668-BE54-9A1E7A4F7556}") = "R5T.T0178", "..\..\R5T.T0178\source\R5T.T0178\R5T.T0178.csproj", "{965A51B5-2FCE-46EC-9655-7A70411E567F}"
EndProject
Project("{9A19103F-16F7-4668-BE54-9A1E7A4F7556}") = "R5T.T0179", "..\..\R5T.T0179\source\R5T.T0179\R5T.T0179.csproj", "{ABC2F77E-8699-43B7-922F-33AA8DB65A8C}"
EndProject
Project("{9A19103F-16F7-4668-BE54-9A1E7A4F7556}") = "R5T.T0180", "..\..\R5T.T0180\source\R5T.T0180\R5T.T0180.csproj", "{3D9E07D3-7510-4F2A-B2E6-EC12F1BC2832}"
EndProject
Project("{9A19103F-16F7-4668-BE54-9A1E7A4F7556}") = "R5T.T0181", "..\..\R5T.T0181\source\R5T.T0181\R5T.T0181.csproj", "{DE99EE90-AF0D-4EB8-9695-388B6E00D2BD}"
EndProject
Project("{9A19103F-16F7-4668-BE54-9A1E7A4F7556}") = "R5T.F0000", "..\..\R5T.F0000\source\R5T.F0000\R5T.F0000.csproj", "{8C5C0D2E-8365-44E5-9A76-E3A197210EFC}"
EndProject
Project("{9A19103F-16F7-4668-BE54-9A1E7A4F7556}") = "R5T.F0002", "..\..\R5T.F0002\source\R5T.F0002\R5T.F0002.csproj", "{25E5B889-6603-4022-99B3-4ED7593C8FB5}"
EndProject
Project("{9A19103F-16F7-4668-BE54-9A1E7A4F7556}") = "R5T.F0120", "..\..\R5T.F0120\source\R5T.F0120\R5T.F0120.csproj", "{08D0847C-74F2-4FDD-AB91-84B25AAF132D}"
EndProject
Project("{9A19103F-16F7-4668-BE54-9A1E7A4F7556}") = "R5T.F0124", "..\..\R5T.F0124\source\R5T.F0124\R5T.F0124.csproj", "{B49C23F6-995F-42DE-8089-14A83D880962}"
EndProject
Project("{9A19103F-16F7-4668-BE54-9A1E7A4F7556}") = "R5T.F0125", "..\..\R5T.F0125\source\R5T.F0125\R5T.F0125.csproj", "{FC1E50AC-DAC5-425E-9748-3B29FC9D3BDB}"
EndProject
Project("{9A19103F-16F7-4668-BE54-9A1E7A4F7556}") = "R5T.L0030.T000", "..\..\R5T.L0030\source\R5T.L0030.T000\R5T.L0030.T000.csproj", "{39AABC2E-F553-4099-922B-AC1E3E2B0AE6}"
EndProject
Project("{9A19103F-16F7-4668-BE54-9A1E7A4F7556}") = "R5T.L0030", "..\..\R5T.L0030\source\R5T.L0030\R5T.L0030.csproj", "{0886DC94-225D-4C09-8C6A-061846893B5B}"
EndProject
Project("{9A19103F-16F7-4668-BE54-9A1E7A4F7556}") = "R5T.L0034", "..\..\R5T.L0034\source\R5T.L0034\R5T.L0034.csproj", "{1E549FF2-4903-4F0E-8CBE-24CD27E8CC68}"
EndProject
Project("{9A19103F-16F7-4668-BE54-9A1E7A4F7556}") = "R5T.L0035", "..\..\R5T.L0035\source\R5T.L0035\R5T.L0035.csproj", "{5A549A92-FEBC-478F-B0BE-AFE30E36D37F}"
EndProject
Project("{9A19103F-16F7-4668-BE54-9A1E7A4F7556}") = "R5T.NG0022", "..\..\R5T.NG0022\source\R5T.NG0022\R5T.NG0022.csproj", "{F079EB82-8297-47EF-8110-DB5CA4B7DA93}"
EndProject
Project("{9A19103F-16F7-4668-BE54-9A1E7A4F7556}") = "R5T.T0131", "..\..\R5T.T0131\source\R5T.T0131\R5T.T0131.csproj", "{D825B289-7622-4BB7-8FA0-FA507B5D94C8}"
EndProject
Project("{9A19103F-16F7-4668-BE54-9A1E7A4F7556}") = "R5T.T0156", "..\..\R5T.T0156\source\R5T.T0156\R5T.T0156.csproj", "{0BFFE96A-4CD6-4A9C-9E8C-D38F18146282}"
EndProject
Project("{9A19103F-16F7-4668-BE54-9A1E7A4F7556}") = "R5T.T0174", "..\..\R5T.T0174\source\R5T.T0174\R5T.T0174.csproj", "{8C211C40-F5D4-4EE7-AF88-DF798669B813}"
EndProject
Project("{9A19103F-16F7-4668-BE54-9A1E7A4F7556}") = "R5T.T0176", "..\..\R5T.T0176\source\R5T.T0176\R5T.T0176.csproj", "{0BD616C3-3109-45CC-ABA5-F501FAD5F687}"
EndProject
Project("{9A19103F-16F7-4668-BE54-9A1E7A4F7556}") = "R5T.T0177", "..\..\R5T.T0177\source\R5T.T0177\R5T.T0177.csproj", "{094BAF20-1D8C-495E-B3F7-347037DB5E33}"
EndProject
Project("{9A19103F-16F7-4668-BE54-9A1E7A4F7556}") = "R5T.T0185", "..\..\R5T.T0185\source\R5T.T0185\R5T.T0185.csproj", "{4785BE2D-3552-4A5D-8C27-8E60ABD24FF1}"
EndProject
Project("{9A19103F-16F7-4668-BE54-9A1E7A4F7556}") = "R5T.T0203", "..\..\R5T.T0203\source\R5T.T0203\R5T.T0203.csproj", "{30BE73A8-8266-4A4C-9362-25761DF98ED9}"
EndProject
Project("{9A19103F-16F7-4668-BE54-9A1E7A4F7556}") = "R5T.Y0000", "..\..\R5T.Y0000\source\R5T.Y0000\R5T.Y0000.csproj", "{A6AFD0B5-D2E4-4891-B4E0-01B6A771AE4A}"
EndProject
Project("{9A19103F-16F7-4668-BE54-9A1E7A4F7556}") = "R5T.Z0000", "..\..\R5T.Z0000\source\R5T.Z0000\R5T.Z0000.csproj", "{B0F398A4-B86A-4AE4-A4A2-2F8670EDD5A1}"
EndProject
Project("{9A19103F-16F7-4668-BE54-9A1E7A4F7556}") = "R5T.Z0044.Z000", "..\..\R5T.Z0044\source\R5T.Z0044.Z000\R5T.Z0044.Z000.csproj", "{7E887AA3-554D-47FB-9FB4-8FE04D9D8AC1}"
EndProject
Global
	GlobalSection(NestedProjects) = preSolution
		{98762D30-582C-4E53-890D-AFF38C94309B} = {7E3EF95D-3AB9-4E33-A226-8ED7A6E4DF76}
		{FBE828C8-445E-451B-A451-A95DA4D2607E} = {7E3EF95D-3AB9-4E33-A226-8ED7A6E4DF76}
		{BA1D97FB-28DC-47A9-A1C4-9A8CBFC009F3} = {7E3EF95D-3AB9-4E33-A226-8ED7A6E4DF76}
		{4E231168-4452-45E5-B76D-1F6669394E45} = {7E3EF95D-3AB9-4E33-A226-8ED7A6E4DF76}
		{91566F99-6C19-437E-83CE-2FD2539EFFA3} = {7E3EF95D-3AB9-4E33-A226-8ED7A6E4DF76}
		{818CFCED-B98D-4996-9006-EAAD89451E63} = {7E3EF95D-3AB9-4E33-A226-8ED7A6E4DF76}
		{965A51B5-2FCE-46EC-9655-7A70411E567F} = {7E3EF95D-3AB9-4E33-A226-8ED7A6E4DF76}
		{ABC2F77E-8699-43B7-922F-33AA8DB65A8C} = {7E3EF95D-3AB9-4E33-A226-8ED7A6E4DF76}
		{3D9E07D3-7510-4F2A-B2E6-EC12F1BC2832} = {7E3EF95D-3AB9-4E33-A226-8ED7A6E4DF76}
		{DE99EE90-AF0D-4EB8-9695-388B6E00D2BD} = {7E3EF95D-3AB9-4E33-A226-8ED7A6E4DF76}
		{8C5C0D2E-8365-44E5-9A76-E3A197210EFC} = {7E3EF95D-3AB9-4E33-A226-8ED7A6E4DF76}
		{25E5B889-6603-4022-99B3-4ED7593C8FB5} = {7E3EF95D-3AB9-4E33-A226-8ED7A6E4DF76}
		{08D0847C-74F2-4FDD-AB91-84B25AAF132D} = {7E3EF95D-3AB9-4E33-A226-8ED7A6E4DF76}
		{B49C23F6-995F-42DE-8089-14A83D880962} = {7E3EF95D-3AB9-4E33-A226-8ED7A6E4DF76}
		{FC1E50AC-DAC5-425E-9748-3B29FC9D3BDB} = {7E3EF95D-3AB9-4E33-A226-8ED7A6E4DF76}
		{39AABC2E-F553-4099-922B-AC1E3E2B0AE6} = {7E3EF95D-3AB9-4E33-A226-8ED7A6E4DF76}
		{0886DC94-225D-4C09-8C6A-061846893B5B} = {7E3EF95D-3AB9-4E33-A226-8ED7A6E4DF76}
		{1E549FF2-4903-4F0E-8CBE-24CD27E8CC68} = {7E3EF95D-3AB9-4E33-A226-8ED7A6E4DF76}
		{5A549A92-FEBC-478F-B0BE-AFE30E36D37F} = {7E3EF95D-3AB9-4E33-A226-8ED7A6E4DF76}
		{F079EB82-8297-47EF-8110-DB5CA4B7DA93} = {7E3EF95D-3AB9-4E33-A226-8ED7A6E4DF76}
		{D825B289-7622-4BB7-8FA0-FA507B5D94C8} = {7E3EF95D-3AB9-4E33-A226-8ED7A6E4DF76}
		{0BFFE96A-4CD6-4A9C-9E8C-D38F18146282} = {7E3EF95D-3AB9-4E33-A226-8ED7A6E4DF76}
		{8C211C40-F5D4-4EE7-AF88-DF798669B813} = {7E3EF95D-3AB9-4E33-A226-8ED7A6E4DF76}
		{0BD616C3-3109-45CC-ABA5-F501FAD5F687} = {7E3EF95D-3AB9-4E33-A226-8ED7A6E4DF76}
		{094BAF20-1D8C-495E-B3F7-347037DB5E33} = {7E3EF95D-3AB9-4E33-A226-8ED7A6E4DF76}
		{4785BE2D-3552-4A5D-8C27-8E60ABD24FF1} = {7E3EF95D-3AB9-4E33-A226-8ED7A6E4DF76}
		{30BE73A8-8266-4A4C-9362-25761DF98ED9} = {7E3EF95D-3AB9-4E33-A226-8ED7A6E4DF76}
		{A6AFD0B5-D2E4-4891-B4E0-01B6A771AE4A} = {7E3EF95D-3AB9-4E33-A226-8ED7A6E4DF76}
		{B0F398A4-B86A-4AE4-A4A2-2F8670EDD5A1} = {7E3EF95D-3AB9-4E33-A226-8ED7A6E4DF76}
		{7E887AA3-554D-47FB-9FB4-8FE04D9D8AC1} = {7E3EF95D-3AB9-4E33-A226-8ED7A6E4DF76}
	EndGlobalSection
	GlobalSection(SolutionConfigurationPlatforms) = preSolution
		Debug|Any CPU = Debug|Any CPU
		Release|Any CPU = Release|Any CPU
	EndGlobalSection
	GlobalSection(ProjectConfigurationPlatforms) = postSolution
		{D7387474-7550-4BA3-B982-0411C6FB60E4}.Debug|Any CPU.ActiveCfg = Debug|Any CPU
		{D7387474-7550-4BA3-B982-0411C6FB60E4}.Debug|Any CPU.Build.0 = Debug|Any CPU
		{D7387474-7550-4BA3-B982-0411C6FB60E4}.Release|Any CPU.ActiveCfg = Release|Any CPU
		{D7387474-7550-4BA3-B982-0411C6FB60E4}.Release|Any CPU.Build.0 = Release|Any CPU
		{888A9F19-C3E8-4EEE-86A3-5289E49B825C}.Debug|Any CPU.ActiveCfg = Debug|Any CPU
		{888A9F19-C3E8-4EEE-86A3-5289E49B825C}.Debug|Any CPU.Build.0 = Debug|Any CPU
		{888A9F19-C3E8-4EEE-86A3-5289E49B825C}.Release|Any CPU.ActiveCfg = Release|Any CPU
		{888A9F19-C3E8-4EEE-86A3-5289E49B825C}.Release|Any CPU.Build.0 = Release|Any CPU
		{98762D30-582C-4E53-890D-AFF38C94309B}.Debug|Any CPU.ActiveCfg = Debug|Any CPU
		{98762D30-582C-4E53-890D-AFF38C94309B}.Debug|Any CPU.Build.0 = Debug|Any CPU
		{98762D30-582C-4E53-890D-AFF38C94309B}.Release|Any CPU.ActiveCfg = Release|Any CPU
		{98762D30-582C-4E53-890D-AFF38C94309B}.Release|Any CPU.Build.0 = Release|Any CPU
		{FBE828C8-445E-451B-A451-A95DA4D2607E}.Debug|Any CPU.ActiveCfg = Debug|Any CPU
		{FBE828C8-445E-451B-A451-A95DA4D2607E}.Debug|Any CPU.Build.0 = Debug|Any CPU
		{FBE828C8-445E-451B-A451-A95DA4D2607E}.Release|Any CPU.ActiveCfg = Release|Any CPU
		{FBE828C8-445E-451B-A451-A95DA4D2607E}.Release|Any CPU.Build.0 = Release|Any CPU
		{BA1D97FB-28DC-47A9-A1C4-9A8CBFC009F3}.Debug|Any CPU.ActiveCfg = Debug|Any CPU
		{BA1D97FB-28DC-47A9-A1C4-9A8CBFC009F3}.Debug|Any CPU.Build.0 = Debug|Any CPU
		{BA1D97FB-28DC-47A9-A1C4-9A8CBFC009F3}.Release|Any CPU.ActiveCfg = Release|Any CPU
		{BA1D97FB-28DC-47A9-A1C4-9A8CBFC009F3}.Release|Any CPU.Build.0 = Release|Any CPU
		{4E231168-4452-45E5-B76D-1F6669394E45}.Debug|Any CPU.ActiveCfg = Debug|Any CPU
		{4E231168-4452-45E5-B76D-1F6669394E45}.Debug|Any CPU.Build.0 = Debug|Any CPU
		{4E231168-4452-45E5-B76D-1F6669394E45}.Release|Any CPU.ActiveCfg = Release|Any CPU
		{4E231168-4452-45E5-B76D-1F6669394E45}.Release|Any CPU.Build.0 = Release|Any CPU
		{91566F99-6C19-437E-83CE-2FD2539EFFA3}.Debug|Any CPU.ActiveCfg = Debug|Any CPU
		{91566F99-6C19-437E-83CE-2FD2539EFFA3}.Debug|Any CPU.Build.0 = Debug|Any CPU
		{91566F99-6C19-437E-83CE-2FD2539EFFA3}.Release|Any CPU.ActiveCfg = Release|Any CPU
		{91566F99-6C19-437E-83CE-2FD2539EFFA3}.Release|Any CPU.Build.0 = Release|Any CPU
		{818CFCED-B98D-4996-9006-EAAD89451E63}.Debug|Any CPU.ActiveCfg = Debug|Any CPU
		{818CFCED-B98D-4996-9006-EAAD89451E63}.Debug|Any CPU.Build.0 = Debug|Any CPU
		{818CFCED-B98D-4996-9006-EAAD89451E63}.Release|Any CPU.ActiveCfg = Release|Any CPU
		{818CFCED-B98D-4996-9006-EAAD89451E63}.Release|Any CPU.Build.0 = Release|Any CPU
		{965A51B5-2FCE-46EC-9655-7A70411E567F}.Debug|Any CPU.ActiveCfg = Debug|Any CPU
		{965A51B5-2FCE-46EC-9655-7A70411E567F}.Debug|Any CPU.Build.0 = Debug|Any CPU
		{965A51B5-2FCE-46EC-9655-7A70411E567F}.Release|Any CPU.ActiveCfg = Release|Any CPU
		{965A51B5-2FCE-46EC-9655-7A70411E567F}.Release|Any CPU.Build.0 = Release|Any CPU
		{ABC2F77E-8699-43B7-922F-33AA8DB65A8C}.Debug|Any CPU.ActiveCfg = Debug|Any CPU
		{ABC2F77E-8699-43B7-922F-33AA8DB65A8C}.Debug|Any CPU.Build.0 = Debug|Any CPU
		{ABC2F77E-8699-43B7-922F-33AA8DB65A8C}.Release|Any CPU.ActiveCfg = Release|Any CPU
		{ABC2F77E-8699-43B7-922F-33AA8DB65A8C}.Release|Any CPU.Build.0 = Release|Any CPU
		{3D9E07D3-7510-4F2A-B2E6-EC12F1BC2832}.Debug|Any CPU.ActiveCfg = Debug|Any CPU
		{3D9E07D3-7510-4F2A-B2E6-EC12F1BC2832}.Debug|Any CPU.Build.0 = Debug|Any CPU
		{3D9E07D3-7510-4F2A-B2E6-EC12F1BC2832}.Release|Any CPU.ActiveCfg = Release|Any CPU
		{3D9E07D3-7510-4F2A-B2E6-EC12F1BC2832}.Release|Any CPU.Build.0 = Release|Any CPU
		{DE99EE90-AF0D-4EB8-9695-388B6E00D2BD}.Debug|Any CPU.ActiveCfg = Debug|Any CPU
		{DE99EE90-AF0D-4EB8-9695-388B6E00D2BD}.Debug|Any CPU.Build.0 = Debug|Any CPU
		{DE99EE90-AF0D-4EB8-9695-388B6E00D2BD}.Release|Any CPU.ActiveCfg = Release|Any CPU
		{DE99EE90-AF0D-4EB8-9695-388B6E00D2BD}.Release|Any CPU.Build.0 = Release|Any CPU
		{8C5C0D2E-8365-44E5-9A76-E3A197210EFC}.Debug|Any CPU.ActiveCfg = Debug|Any CPU
		{8C5C0D2E-8365-44E5-9A76-E3A197210EFC}.Debug|Any CPU.Build.0 = Debug|Any CPU
		{8C5C0D2E-8365-44E5-9A76-E3A197210EFC}.Release|Any CPU.ActiveCfg = Release|Any CPU
		{8C5C0D2E-8365-44E5-9A76-E3A197210EFC}.Release|Any CPU.Build.0 = Release|Any CPU
		{25E5B889-6603-4022-99B3-4ED7593C8FB5}.Debug|Any CPU.ActiveCfg = Debug|Any CPU
		{25E5B889-6603-4022-99B3-4ED7593C8FB5}.Debug|Any CPU.Build.0 = Debug|Any CPU
		{25E5B889-6603-4022-99B3-4ED7593C8FB5}.Release|Any CPU.ActiveCfg = Release|Any CPU
		{25E5B889-6603-4022-99B3-4ED7593C8FB5}.Release|Any CPU.Build.0 = Release|Any CPU
		{08D0847C-74F2-4FDD-AB91-84B25AAF132D}.Debug|Any CPU.ActiveCfg = Debug|Any CPU
		{08D0847C-74F2-4FDD-AB91-84B25AAF132D}.Debug|Any CPU.Build.0 = Debug|Any CPU
		{08D0847C-74F2-4FDD-AB91-84B25AAF132D}.Release|Any CPU.ActiveCfg = Release|Any CPU
		{08D0847C-74F2-4FDD-AB91-84B25AAF132D}.Release|Any CPU.Build.0 = Release|Any CPU
		{B49C23F6-995F-42DE-8089-14A83D880962}.Debug|Any CPU.ActiveCfg = Debug|Any CPU
		{B49C23F6-995F-42DE-8089-14A83D880962}.Debug|Any CPU.Build.0 = Debug|Any CPU
		{B49C23F6-995F-42DE-8089-14A83D880962}.Release|Any CPU.ActiveCfg = Release|Any CPU
		{B49C23F6-995F-42DE-8089-14A83D880962}.Release|Any CPU.Build.0 = Release|Any CPU
		{FC1E50AC-DAC5-425E-9748-3B29FC9D3BDB}.Debug|Any CPU.ActiveCfg = Debug|Any CPU
		{FC1E50AC-DAC5-425E-9748-3B29FC9D3BDB}.Debug|Any CPU.Build.0 = Debug|Any CPU
		{FC1E50AC-DAC5-425E-9748-3B29FC9D3BDB}.Release|Any CPU.ActiveCfg = Release|Any CPU
		{FC1E50AC-DAC5-425E-9748-3B29FC9D3BDB}.Release|Any CPU.Build.0 = Release|Any CPU
		{39AABC2E-F553-4099-922B-AC1E3E2B0AE6}.Debug|Any CPU.ActiveCfg = Debug|Any CPU
		{39AABC2E-F553-4099-922B-AC1E3E2B0AE6}.Debug|Any CPU.Build.0 = Debug|Any CPU
		{39AABC2E-F553-4099-922B-AC1E3E2B0AE6}.Release|Any CPU.ActiveCfg = Release|Any CPU
		{39AABC2E-F553-4099-922B-AC1E3E2B0AE6}.Release|Any CPU.Build.0 = Release|Any CPU
		{0886DC94-225D-4C09-8C6A-061846893B5B}.Debug|Any CPU.ActiveCfg = Debug|Any CPU
		{0886DC94-225D-4C09-8C6A-061846893B5B}.Debug|Any CPU.Build.0 = Debug|Any CPU
		{0886DC94-225D-4C09-8C6A-061846893B5B}.Release|Any CPU.ActiveCfg = Release|Any CPU
		{0886DC94-225D-4C09-8C6A-061846893B5B}.Release|Any CPU.Build.0 = Release|Any CPU
		{1E549FF2-4903-4F0E-8CBE-24CD27E8CC68}.Debug|Any CPU.ActiveCfg = Debug|Any CPU
		{1E549FF2-4903-4F0E-8CBE-24CD27E8CC68}.Debug|Any CPU.Build.0 = Debug|Any CPU
		{1E549FF2-4903-4F0E-8CBE-24CD27E8CC68}.Release|Any CPU.ActiveCfg = Release|Any CPU
		{1E549FF2-4903-4F0E-8CBE-24CD27E8CC68}.Release|Any CPU.Build.0 = Release|Any CPU
		{5A549A92-FEBC-478F-B0BE-AFE30E36D37F}.Debug|Any CPU.ActiveCfg = Debug|Any CPU
		{5A549A92-FEBC-478F-B0BE-AFE30E36D37F}.Debug|Any CPU.Build.0 = Debug|Any CPU
		{5A549A92-FEBC-478F-B0BE-AFE30E36D37F}.Release|Any CPU.ActiveCfg = Release|Any CPU
		{5A549A92-FEBC-478F-B0BE-AFE30E36D37F}.Release|Any CPU.Build.0 = Release|Any CPU
		{F079EB82-8297-47EF-8110-DB5CA4B7DA93}.Debug|Any CPU.ActiveCfg = Debug|Any CPU
		{F079EB82-8297-47EF-8110-DB5CA4B7DA93}.Debug|Any CPU.Build.0 = Debug|Any CPU
		{F079EB82-8297-47EF-8110-DB5CA4B7DA93}.Release|Any CPU.ActiveCfg = Release|Any CPU
		{F079EB82-8297-47EF-8110-DB5CA4B7DA93}.Release|Any CPU.Build.0 = Release|Any CPU
		{D825B289-7622-4BB7-8FA0-FA507B5D94C8}.Debug|Any CPU.ActiveCfg = Debug|Any CPU
		{D825B289-7622-4BB7-8FA0-FA507B5D94C8}.Debug|Any CPU.Build.0 = Debug|Any CPU
		{D825B289-7622-4BB7-8FA0-FA507B5D94C8}.Release|Any CPU.ActiveCfg = Release|Any CPU
		{D825B289-7622-4BB7-8FA0-FA507B5D94C8}.Release|Any CPU.Build.0 = Release|Any CPU
		{0BFFE96A-4CD6-4A9C-9E8C-D38F18146282}.Debug|Any CPU.ActiveCfg = Debug|Any CPU
		{0BFFE96A-4CD6-4A9C-9E8C-D38F18146282}.Debug|Any CPU.Build.0 = Debug|Any CPU
		{0BFFE96A-4CD6-4A9C-9E8C-D38F18146282}.Release|Any CPU.ActiveCfg = Release|Any CPU
		{0BFFE96A-4CD6-4A9C-9E8C-D38F18146282}.Release|Any CPU.Build.0 = Release|Any CPU
		{8C211C40-F5D4-4EE7-AF88-DF798669B813}.Debug|Any CPU.ActiveCfg = Debug|Any CPU
		{8C211C40-F5D4-4EE7-AF88-DF798669B813}.Debug|Any CPU.Build.0 = Debug|Any CPU
		{8C211C40-F5D4-4EE7-AF88-DF798669B813}.Release|Any CPU.ActiveCfg = Release|Any CPU
		{8C211C40-F5D4-4EE7-AF88-DF798669B813}.Release|Any CPU.Build.0 = Release|Any CPU
		{0BD616C3-3109-45CC-ABA5-F501FAD5F687}.Debug|Any CPU.ActiveCfg = Debug|Any CPU
		{0BD616C3-3109-45CC-ABA5-F501FAD5F687}.Debug|Any CPU.Build.0 = Debug|Any CPU
		{0BD616C3-3109-45CC-ABA5-F501FAD5F687}.Release|Any CPU.ActiveCfg = Release|Any CPU
		{0BD616C3-3109-45CC-ABA5-F501FAD5F687}.Release|Any CPU.Build.0 = Release|Any CPU
		{094BAF20-1D8C-495E-B3F7-347037DB5E33}.Debug|Any CPU.ActiveCfg = Debug|Any CPU
		{094BAF20-1D8C-495E-B3F7-347037DB5E33}.Debug|Any CPU.Build.0 = Debug|Any CPU
		{094BAF20-1D8C-495E-B3F7-347037DB5E33}.Release|Any CPU.ActiveCfg = Release|Any CPU
		{094BAF20-1D8C-495E-B3F7-347037DB5E33}.Release|Any CPU.Build.0 = Release|Any CPU
		{4785BE2D-3552-4A5D-8C27-8E60ABD24FF1}.Debug|Any CPU.ActiveCfg = Debug|Any CPU
		{4785BE2D-3552-4A5D-8C27-8E60ABD24FF1}.Debug|Any CPU.Build.0 = Debug|Any CPU
		{4785BE2D-3552-4A5D-8C27-8E60ABD24FF1}.Release|Any CPU.ActiveCfg = Release|Any CPU
		{4785BE2D-3552-4A5D-8C27-8E60ABD24FF1}.Release|Any CPU.Build.0 = Release|Any CPU
		{30BE73A8-8266-4A4C-9362-25761DF98ED9}.Debug|Any CPU.ActiveCfg = Debug|Any CPU
		{30BE73A8-8266-4A4C-9362-25761DF98ED9}.Debug|Any CPU.Build.0 = Debug|Any CPU
		{30BE73A8-8266-4A4C-9362-25761DF98ED9}.Release|Any CPU.ActiveCfg = Release|Any CPU
		{30BE73A8-8266-4A4C-9362-25761DF98ED9}.Release|Any CPU.Build.0 = Release|Any CPU
		{A6AFD0B5-D2E4-4891-B4E0-01B6A771AE4A}.Debug|Any CPU.ActiveCfg = Debug|Any CPU
		{A6AFD0B5-D2E4-4891-B4E0-01B6A771AE4A}.Debug|Any CPU.Build.0 = Debug|Any CPU
		{A6AFD0B5-D2E4-4891-B4E0-01B6A771AE4A}.Release|Any CPU.ActiveCfg = Release|Any CPU
		{A6AFD0B5-D2E4-4891-B4E0-01B6A771AE4A}.Release|Any CPU.Build.0 = Release|Any CPU
		{B0F398A4-B86A-4AE4-A4A2-2F8670EDD5A1}.Debug|Any CPU.ActiveCfg = Debug|Any CPU
		{B0F398A4-B86A-4AE4-A4A2-2F8670EDD5A1}.Debug|Any CPU.Build.0 = Debug|Any CPU
		{B0F398A4-B86A-4AE4-A4A2-2F8670EDD5A1}.Release|Any CPU.ActiveCfg = Release|Any CPU
		{B0F398A4-B86A-4AE4-A4A2-2F8670EDD5A1}.Release|Any CPU.Build.0 = Release|Any CPU
		{7E887AA3-554D-47FB-9FB4-8FE04D9D8AC1}.Debug|Any CPU.ActiveCfg = Debug|Any CPU
		{7E887AA3-554D-47FB-9FB4-8FE04D9D8AC1}.Debug|Any CPU.Build.0 = Debug|Any CPU
		{7E887AA3-554D-47FB-9FB4-8FE04D9D8AC1}.Release|Any CPU.ActiveCfg = Release|Any CPU
		{7E887AA3-554D-47FB-9FB4-8FE04D9D8AC1}.Release|Any CPU.Build.0 = Release|Any CPU
	EndGlobalSection
	GlobalSection(SolutionProperties) = preSolution
		HideSolutionNode = FALSE
	EndGlobalSection
	GlobalSection(ExtensibilityGlobals) = postSolution
		SolutionGuid = {E6FAD635-F8D0-473E-9D2A-A4728D93A3A8}
	EndGlobalSection
EndGlobal
