
Microsoft Visual Studio Solution File, Format Version 12.00
# Visual Studio Version 17
VisualStudioVersion = 17.2.32630.192
MinimumVisualStudioVersion = 10.0.40219.1
Project("{9A19103F-16F7-4668-BE54-9A1E7A4F7556}") = "R5T.F0140", "R5T.F0140\R5T.F0140.csproj", "{2094F4E8-D509-4D0E-9694-1D3E13EDE33B}"
EndProject
Project("{2150E333-8FDC-42A3-9474-1A3956D46DE8}") = "_Dependencies", "_Dependencies", "{B79B1A25-1CEA-4F34-AC69-2F405EE94604}"
EndProject
Project("{9A19103F-16F7-4668-BE54-9A1E7A4F7556}") = "R5T.T0132", "..\..\R5T.T0132\source\R5T.T0132\R5T.T0132.csproj", "{B9F65975-F2B8-42F1-86D7-6A6E030E2089}"
EndProject
Project("{9A19103F-16F7-4668-BE54-9A1E7A4F7556}") = "R5T.T0142", "..\..\R5T.T0142\source\R5T.T0142\R5T.T0142.csproj", "{40AFC805-408C-4451-B798-99CAC533D685}"
EndProject
Project("{9A19103F-16F7-4668-BE54-9A1E7A4F7556}") = "R5T.T0143", "..\..\R5T.T0143\source\R5T.T0143\R5T.T0143.csproj", "{62E4AC4C-6E80-4916-B8BC-88257042A787}"
EndProject
Project("{9A19103F-16F7-4668-BE54-9A1E7A4F7556}") = "R5T.T0150", "..\..\R5T.T0150\source\R5T.T0150\R5T.T0150.csproj", "{0A317EAB-9935-4B7B-A76B-1F471C1E723D}"
EndProject
Project("{9A19103F-16F7-4668-BE54-9A1E7A4F7556}") = "R5T.T0151", "..\..\R5T.T0151\source\R5T.T0151\R5T.T0151.csproj", "{2739707F-6BB8-4EBF-A208-CADC07FCBD8C}"
EndProject
Project("{9A19103F-16F7-4668-BE54-9A1E7A4F7556}") = "R5T.T0172", "..\..\R5T.T0172\source\R5T.T0172\R5T.T0172.csproj", "{E9D68FC5-524D-4882-878C-F3A23E16EC4E}"
EndProject
Project("{9A19103F-16F7-4668-BE54-9A1E7A4F7556}") = "R5T.T0178", "..\..\R5T.T0178\source\R5T.T0178\R5T.T0178.csproj", "{1B3E90E4-4279-42C6-B862-48B5C4371C6A}"
EndProject
Project("{9A19103F-16F7-4668-BE54-9A1E7A4F7556}") = "R5T.T0179", "..\..\R5T.T0179\source\R5T.T0179\R5T.T0179.csproj", "{200A648A-D982-4BF2-AC0F-24BAECBB636D}"
EndProject
Project("{9A19103F-16F7-4668-BE54-9A1E7A4F7556}") = "R5T.T0180", "..\..\R5T.T0180\source\R5T.T0180\R5T.T0180.csproj", "{94F4BCC2-7141-4DDF-949F-573AF673FDA2}"
EndProject
Project("{9A19103F-16F7-4668-BE54-9A1E7A4F7556}") = "R5T.T0181", "..\..\R5T.T0181\source\R5T.T0181\R5T.T0181.csproj", "{83CDEFC1-CCCB-4F76-83DD-4469070FC700}"
EndProject
Project("{9A19103F-16F7-4668-BE54-9A1E7A4F7556}") = "R5T.F0000", "..\..\R5T.F0000\source\R5T.F0000\R5T.F0000.csproj", "{70CDCEC4-90AE-466B-8549-2D448ED77F43}"
EndProject
Project("{9A19103F-16F7-4668-BE54-9A1E7A4F7556}") = "R5T.F0002", "..\..\R5T.F0002\source\R5T.F0002\R5T.F0002.csproj", "{A5A7B599-0392-4309-BC1E-99A7FC11D5EB}"
EndProject
Project("{9A19103F-16F7-4668-BE54-9A1E7A4F7556}") = "R5T.F0120", "..\..\R5T.F0120\source\R5T.F0120\R5T.F0120.csproj", "{9E8644DD-C328-40C7-8CC3-2777360611EF}"
EndProject
Project("{9A19103F-16F7-4668-BE54-9A1E7A4F7556}") = "R5T.F0124", "..\..\R5T.F0124\source\R5T.F0124\R5T.F0124.csproj", "{C5A914F1-DDD3-4491-93E6-8DA926F509F2}"
EndProject
Project("{9A19103F-16F7-4668-BE54-9A1E7A4F7556}") = "R5T.F0125", "..\..\R5T.F0125\source\R5T.F0125\R5T.F0125.csproj", "{279F22DE-679C-49A4-8BAC-8C18EC01EFE8}"
EndProject
Project("{9A19103F-16F7-4668-BE54-9A1E7A4F7556}") = "R5T.L0030.T000", "..\..\R5T.L0030\source\R5T.L0030.T000\R5T.L0030.T000.csproj", "{9172D979-97D3-40BE-BDE1-F712C4D81033}"
EndProject
Project("{9A19103F-16F7-4668-BE54-9A1E7A4F7556}") = "R5T.L0030", "..\..\R5T.L0030\source\R5T.L0030\R5T.L0030.csproj", "{4D84B7CB-1992-400F-BFF6-54AFD4EF0D43}"
EndProject
Project("{9A19103F-16F7-4668-BE54-9A1E7A4F7556}") = "R5T.L0034", "..\..\R5T.L0034\source\R5T.L0034\R5T.L0034.csproj", "{C78D1832-6ABA-4024-8E75-54CF80E9CF69}"
EndProject
Project("{9A19103F-16F7-4668-BE54-9A1E7A4F7556}") = "R5T.L0035", "..\..\R5T.L0035\source\R5T.L0035\R5T.L0035.csproj", "{9D4726AB-E314-48BB-BB9F-CEB2D523180C}"
EndProject
Project("{9A19103F-16F7-4668-BE54-9A1E7A4F7556}") = "R5T.NG0022", "..\..\R5T.NG0022\source\R5T.NG0022\R5T.NG0022.csproj", "{E5D2E7AE-584B-43D2-ACB6-7526623EC28A}"
EndProject
Project("{9A19103F-16F7-4668-BE54-9A1E7A4F7556}") = "R5T.T0131", "..\..\R5T.T0131\source\R5T.T0131\R5T.T0131.csproj", "{41763B09-6C28-4EC4-9346-C3D6ABBDC291}"
EndProject
Project("{9A19103F-16F7-4668-BE54-9A1E7A4F7556}") = "R5T.T0156", "..\..\R5T.T0156\source\R5T.T0156\R5T.T0156.csproj", "{CD2A21AC-7F35-4AFC-BAE8-0F9F38D5534B}"
EndProject
Project("{9A19103F-16F7-4668-BE54-9A1E7A4F7556}") = "R5T.T0174", "..\..\R5T.T0174\source\R5T.T0174\R5T.T0174.csproj", "{D8F36D2F-6BED-4AAE-9783-09CD07F255DE}"
EndProject
Project("{9A19103F-16F7-4668-BE54-9A1E7A4F7556}") = "R5T.T0176", "..\..\R5T.T0176\source\R5T.T0176\R5T.T0176.csproj", "{F1F19E4F-75C9-4753-A9D7-CFCE23262B8C}"
EndProject
Project("{9A19103F-16F7-4668-BE54-9A1E7A4F7556}") = "R5T.T0177", "..\..\R5T.T0177\source\R5T.T0177\R5T.T0177.csproj", "{6E1955BC-DA2B-4AEC-8ABF-3CE2B40232D8}"
EndProject
Project("{9A19103F-16F7-4668-BE54-9A1E7A4F7556}") = "R5T.T0185", "..\..\R5T.T0185\source\R5T.T0185\R5T.T0185.csproj", "{604B2C0E-348F-47B0-82E5-E30C7ED07FAE}"
EndProject
Project("{9A19103F-16F7-4668-BE54-9A1E7A4F7556}") = "R5T.T0203", "..\..\R5T.T0203\source\R5T.T0203\R5T.T0203.csproj", "{BD4BBA40-5E86-4388-A2C8-B7DFDF3BDA43}"
EndProject
Project("{9A19103F-16F7-4668-BE54-9A1E7A4F7556}") = "R5T.Y0000", "..\..\R5T.Y0000\source\R5T.Y0000\R5T.Y0000.csproj", "{DD106C58-CC48-4CA6-A586-3FF02FB1EDD0}"
EndProject
Project("{9A19103F-16F7-4668-BE54-9A1E7A4F7556}") = "R5T.Z0000", "..\..\R5T.Z0000\source\R5T.Z0000\R5T.Z0000.csproj", "{1B4B721D-3DCC-444A-9B92-30F41F29DF9B}"
EndProject
Project("{9A19103F-16F7-4668-BE54-9A1E7A4F7556}") = "R5T.Z0044.Z000", "..\..\R5T.Z0044\source\R5T.Z0044.Z000\R5T.Z0044.Z000.csproj", "{6BD1835D-9878-4A93-85EB-D173B6CF986D}"
EndProject
Global
	GlobalSection(NestedProjects) = preSolution
		{B9F65975-F2B8-42F1-86D7-6A6E030E2089} = {B79B1A25-1CEA-4F34-AC69-2F405EE94604}
		{40AFC805-408C-4451-B798-99CAC533D685} = {B79B1A25-1CEA-4F34-AC69-2F405EE94604}
		{62E4AC4C-6E80-4916-B8BC-88257042A787} = {B79B1A25-1CEA-4F34-AC69-2F405EE94604}
		{0A317EAB-9935-4B7B-A76B-1F471C1E723D} = {B79B1A25-1CEA-4F34-AC69-2F405EE94604}
		{2739707F-6BB8-4EBF-A208-CADC07FCBD8C} = {B79B1A25-1CEA-4F34-AC69-2F405EE94604}
		{E9D68FC5-524D-4882-878C-F3A23E16EC4E} = {B79B1A25-1CEA-4F34-AC69-2F405EE94604}
		{1B3E90E4-4279-42C6-B862-48B5C4371C6A} = {B79B1A25-1CEA-4F34-AC69-2F405EE94604}
		{200A648A-D982-4BF2-AC0F-24BAECBB636D} = {B79B1A25-1CEA-4F34-AC69-2F405EE94604}
		{94F4BCC2-7141-4DDF-949F-573AF673FDA2} = {B79B1A25-1CEA-4F34-AC69-2F405EE94604}
		{83CDEFC1-CCCB-4F76-83DD-4469070FC700} = {B79B1A25-1CEA-4F34-AC69-2F405EE94604}
		{70CDCEC4-90AE-466B-8549-2D448ED77F43} = {B79B1A25-1CEA-4F34-AC69-2F405EE94604}
		{A5A7B599-0392-4309-BC1E-99A7FC11D5EB} = {B79B1A25-1CEA-4F34-AC69-2F405EE94604}
		{9E8644DD-C328-40C7-8CC3-2777360611EF} = {B79B1A25-1CEA-4F34-AC69-2F405EE94604}
		{C5A914F1-DDD3-4491-93E6-8DA926F509F2} = {B79B1A25-1CEA-4F34-AC69-2F405EE94604}
		{279F22DE-679C-49A4-8BAC-8C18EC01EFE8} = {B79B1A25-1CEA-4F34-AC69-2F405EE94604}
		{9172D979-97D3-40BE-BDE1-F712C4D81033} = {B79B1A25-1CEA-4F34-AC69-2F405EE94604}
		{4D84B7CB-1992-400F-BFF6-54AFD4EF0D43} = {B79B1A25-1CEA-4F34-AC69-2F405EE94604}
		{C78D1832-6ABA-4024-8E75-54CF80E9CF69} = {B79B1A25-1CEA-4F34-AC69-2F405EE94604}
		{9D4726AB-E314-48BB-BB9F-CEB2D523180C} = {B79B1A25-1CEA-4F34-AC69-2F405EE94604}
		{E5D2E7AE-584B-43D2-ACB6-7526623EC28A} = {B79B1A25-1CEA-4F34-AC69-2F405EE94604}
		{41763B09-6C28-4EC4-9346-C3D6ABBDC291} = {B79B1A25-1CEA-4F34-AC69-2F405EE94604}
		{CD2A21AC-7F35-4AFC-BAE8-0F9F38D5534B} = {B79B1A25-1CEA-4F34-AC69-2F405EE94604}
		{D8F36D2F-6BED-4AAE-9783-09CD07F255DE} = {B79B1A25-1CEA-4F34-AC69-2F405EE94604}
		{F1F19E4F-75C9-4753-A9D7-CFCE23262B8C} = {B79B1A25-1CEA-4F34-AC69-2F405EE94604}
		{6E1955BC-DA2B-4AEC-8ABF-3CE2B40232D8} = {B79B1A25-1CEA-4F34-AC69-2F405EE94604}
		{604B2C0E-348F-47B0-82E5-E30C7ED07FAE} = {B79B1A25-1CEA-4F34-AC69-2F405EE94604}
		{BD4BBA40-5E86-4388-A2C8-B7DFDF3BDA43} = {B79B1A25-1CEA-4F34-AC69-2F405EE94604}
		{DD106C58-CC48-4CA6-A586-3FF02FB1EDD0} = {B79B1A25-1CEA-4F34-AC69-2F405EE94604}
		{1B4B721D-3DCC-444A-9B92-30F41F29DF9B} = {B79B1A25-1CEA-4F34-AC69-2F405EE94604}
		{6BD1835D-9878-4A93-85EB-D173B6CF986D} = {B79B1A25-1CEA-4F34-AC69-2F405EE94604}
	EndGlobalSection
	GlobalSection(SolutionConfigurationPlatforms) = preSolution
		Debug|Any CPU = Debug|Any CPU
		Release|Any CPU = Release|Any CPU
	EndGlobalSection
	GlobalSection(ProjectConfigurationPlatforms) = postSolution
		{2094F4E8-D509-4D0E-9694-1D3E13EDE33B}.Debug|Any CPU.ActiveCfg = Debug|Any CPU
		{2094F4E8-D509-4D0E-9694-1D3E13EDE33B}.Debug|Any CPU.Build.0 = Debug|Any CPU
		{2094F4E8-D509-4D0E-9694-1D3E13EDE33B}.Release|Any CPU.ActiveCfg = Release|Any CPU
		{2094F4E8-D509-4D0E-9694-1D3E13EDE33B}.Release|Any CPU.Build.0 = Release|Any CPU
		{B9F65975-F2B8-42F1-86D7-6A6E030E2089}.Debug|Any CPU.ActiveCfg = Debug|Any CPU
		{B9F65975-F2B8-42F1-86D7-6A6E030E2089}.Debug|Any CPU.Build.0 = Debug|Any CPU
		{B9F65975-F2B8-42F1-86D7-6A6E030E2089}.Release|Any CPU.ActiveCfg = Release|Any CPU
		{B9F65975-F2B8-42F1-86D7-6A6E030E2089}.Release|Any CPU.Build.0 = Release|Any CPU
		{40AFC805-408C-4451-B798-99CAC533D685}.Debug|Any CPU.ActiveCfg = Debug|Any CPU
		{40AFC805-408C-4451-B798-99CAC533D685}.Debug|Any CPU.Build.0 = Debug|Any CPU
		{40AFC805-408C-4451-B798-99CAC533D685}.Release|Any CPU.ActiveCfg = Release|Any CPU
		{40AFC805-408C-4451-B798-99CAC533D685}.Release|Any CPU.Build.0 = Release|Any CPU
		{62E4AC4C-6E80-4916-B8BC-88257042A787}.Debug|Any CPU.ActiveCfg = Debug|Any CPU
		{62E4AC4C-6E80-4916-B8BC-88257042A787}.Debug|Any CPU.Build.0 = Debug|Any CPU
		{62E4AC4C-6E80-4916-B8BC-88257042A787}.Release|Any CPU.ActiveCfg = Release|Any CPU
		{62E4AC4C-6E80-4916-B8BC-88257042A787}.Release|Any CPU.Build.0 = Release|Any CPU
		{0A317EAB-9935-4B7B-A76B-1F471C1E723D}.Debug|Any CPU.ActiveCfg = Debug|Any CPU
		{0A317EAB-9935-4B7B-A76B-1F471C1E723D}.Debug|Any CPU.Build.0 = Debug|Any CPU
		{0A317EAB-9935-4B7B-A76B-1F471C1E723D}.Release|Any CPU.ActiveCfg = Release|Any CPU
		{0A317EAB-9935-4B7B-A76B-1F471C1E723D}.Release|Any CPU.Build.0 = Release|Any CPU
		{2739707F-6BB8-4EBF-A208-CADC07FCBD8C}.Debug|Any CPU.ActiveCfg = Debug|Any CPU
		{2739707F-6BB8-4EBF-A208-CADC07FCBD8C}.Debug|Any CPU.Build.0 = Debug|Any CPU
		{2739707F-6BB8-4EBF-A208-CADC07FCBD8C}.Release|Any CPU.ActiveCfg = Release|Any CPU
		{2739707F-6BB8-4EBF-A208-CADC07FCBD8C}.Release|Any CPU.Build.0 = Release|Any CPU
		{E9D68FC5-524D-4882-878C-F3A23E16EC4E}.Debug|Any CPU.ActiveCfg = Debug|Any CPU
		{E9D68FC5-524D-4882-878C-F3A23E16EC4E}.Debug|Any CPU.Build.0 = Debug|Any CPU
		{E9D68FC5-524D-4882-878C-F3A23E16EC4E}.Release|Any CPU.ActiveCfg = Release|Any CPU
		{E9D68FC5-524D-4882-878C-F3A23E16EC4E}.Release|Any CPU.Build.0 = Release|Any CPU
		{1B3E90E4-4279-42C6-B862-48B5C4371C6A}.Debug|Any CPU.ActiveCfg = Debug|Any CPU
		{1B3E90E4-4279-42C6-B862-48B5C4371C6A}.Debug|Any CPU.Build.0 = Debug|Any CPU
		{1B3E90E4-4279-42C6-B862-48B5C4371C6A}.Release|Any CPU.ActiveCfg = Release|Any CPU
		{1B3E90E4-4279-42C6-B862-48B5C4371C6A}.Release|Any CPU.Build.0 = Release|Any CPU
		{200A648A-D982-4BF2-AC0F-24BAECBB636D}.Debug|Any CPU.ActiveCfg = Debug|Any CPU
		{200A648A-D982-4BF2-AC0F-24BAECBB636D}.Debug|Any CPU.Build.0 = Debug|Any CPU
		{200A648A-D982-4BF2-AC0F-24BAECBB636D}.Release|Any CPU.ActiveCfg = Release|Any CPU
		{200A648A-D982-4BF2-AC0F-24BAECBB636D}.Release|Any CPU.Build.0 = Release|Any CPU
		{94F4BCC2-7141-4DDF-949F-573AF673FDA2}.Debug|Any CPU.ActiveCfg = Debug|Any CPU
		{94F4BCC2-7141-4DDF-949F-573AF673FDA2}.Debug|Any CPU.Build.0 = Debug|Any CPU
		{94F4BCC2-7141-4DDF-949F-573AF673FDA2}.Release|Any CPU.ActiveCfg = Release|Any CPU
		{94F4BCC2-7141-4DDF-949F-573AF673FDA2}.Release|Any CPU.Build.0 = Release|Any CPU
		{83CDEFC1-CCCB-4F76-83DD-4469070FC700}.Debug|Any CPU.ActiveCfg = Debug|Any CPU
		{83CDEFC1-CCCB-4F76-83DD-4469070FC700}.Debug|Any CPU.Build.0 = Debug|Any CPU
		{83CDEFC1-CCCB-4F76-83DD-4469070FC700}.Release|Any CPU.ActiveCfg = Release|Any CPU
		{83CDEFC1-CCCB-4F76-83DD-4469070FC700}.Release|Any CPU.Build.0 = Release|Any CPU
		{70CDCEC4-90AE-466B-8549-2D448ED77F43}.Debug|Any CPU.ActiveCfg = Debug|Any CPU
		{70CDCEC4-90AE-466B-8549-2D448ED77F43}.Debug|Any CPU.Build.0 = Debug|Any CPU
		{70CDCEC4-90AE-466B-8549-2D448ED77F43}.Release|Any CPU.ActiveCfg = Release|Any CPU
		{70CDCEC4-90AE-466B-8549-2D448ED77F43}.Release|Any CPU.Build.0 = Release|Any CPU
		{A5A7B599-0392-4309-BC1E-99A7FC11D5EB}.Debug|Any CPU.ActiveCfg = Debug|Any CPU
		{A5A7B599-0392-4309-BC1E-99A7FC11D5EB}.Debug|Any CPU.Build.0 = Debug|Any CPU
		{A5A7B599-0392-4309-BC1E-99A7FC11D5EB}.Release|Any CPU.ActiveCfg = Release|Any CPU
		{A5A7B599-0392-4309-BC1E-99A7FC11D5EB}.Release|Any CPU.Build.0 = Release|Any CPU
		{9E8644DD-C328-40C7-8CC3-2777360611EF}.Debug|Any CPU.ActiveCfg = Debug|Any CPU
		{9E8644DD-C328-40C7-8CC3-2777360611EF}.Debug|Any CPU.Build.0 = Debug|Any CPU
		{9E8644DD-C328-40C7-8CC3-2777360611EF}.Release|Any CPU.ActiveCfg = Release|Any CPU
		{9E8644DD-C328-40C7-8CC3-2777360611EF}.Release|Any CPU.Build.0 = Release|Any CPU
		{C5A914F1-DDD3-4491-93E6-8DA926F509F2}.Debug|Any CPU.ActiveCfg = Debug|Any CPU
		{C5A914F1-DDD3-4491-93E6-8DA926F509F2}.Debug|Any CPU.Build.0 = Debug|Any CPU
		{C5A914F1-DDD3-4491-93E6-8DA926F509F2}.Release|Any CPU.ActiveCfg = Release|Any CPU
		{C5A914F1-DDD3-4491-93E6-8DA926F509F2}.Release|Any CPU.Build.0 = Release|Any CPU
		{279F22DE-679C-49A4-8BAC-8C18EC01EFE8}.Debug|Any CPU.ActiveCfg = Debug|Any CPU
		{279F22DE-679C-49A4-8BAC-8C18EC01EFE8}.Debug|Any CPU.Build.0 = Debug|Any CPU
		{279F22DE-679C-49A4-8BAC-8C18EC01EFE8}.Release|Any CPU.ActiveCfg = Release|Any CPU
		{279F22DE-679C-49A4-8BAC-8C18EC01EFE8}.Release|Any CPU.Build.0 = Release|Any CPU
		{9172D979-97D3-40BE-BDE1-F712C4D81033}.Debug|Any CPU.ActiveCfg = Debug|Any CPU
		{9172D979-97D3-40BE-BDE1-F712C4D81033}.Debug|Any CPU.Build.0 = Debug|Any CPU
		{9172D979-97D3-40BE-BDE1-F712C4D81033}.Release|Any CPU.ActiveCfg = Release|Any CPU
		{9172D979-97D3-40BE-BDE1-F712C4D81033}.Release|Any CPU.Build.0 = Release|Any CPU
		{4D84B7CB-1992-400F-BFF6-54AFD4EF0D43}.Debug|Any CPU.ActiveCfg = Debug|Any CPU
		{4D84B7CB-1992-400F-BFF6-54AFD4EF0D43}.Debug|Any CPU.Build.0 = Debug|Any CPU
		{4D84B7CB-1992-400F-BFF6-54AFD4EF0D43}.Release|Any CPU.ActiveCfg = Release|Any CPU
		{4D84B7CB-1992-400F-BFF6-54AFD4EF0D43}.Release|Any CPU.Build.0 = Release|Any CPU
		{C78D1832-6ABA-4024-8E75-54CF80E9CF69}.Debug|Any CPU.ActiveCfg = Debug|Any CPU
		{C78D1832-6ABA-4024-8E75-54CF80E9CF69}.Debug|Any CPU.Build.0 = Debug|Any CPU
		{C78D1832-6ABA-4024-8E75-54CF80E9CF69}.Release|Any CPU.ActiveCfg = Release|Any CPU
		{C78D1832-6ABA-4024-8E75-54CF80E9CF69}.Release|Any CPU.Build.0 = Release|Any CPU
		{9D4726AB-E314-48BB-BB9F-CEB2D523180C}.Debug|Any CPU.ActiveCfg = Debug|Any CPU
		{9D4726AB-E314-48BB-BB9F-CEB2D523180C}.Debug|Any CPU.Build.0 = Debug|Any CPU
		{9D4726AB-E314-48BB-BB9F-CEB2D523180C}.Release|Any CPU.ActiveCfg = Release|Any CPU
		{9D4726AB-E314-48BB-BB9F-CEB2D523180C}.Release|Any CPU.Build.0 = Release|Any CPU
		{E5D2E7AE-584B-43D2-ACB6-7526623EC28A}.Debug|Any CPU.ActiveCfg = Debug|Any CPU
		{E5D2E7AE-584B-43D2-ACB6-7526623EC28A}.Debug|Any CPU.Build.0 = Debug|Any CPU
		{E5D2E7AE-584B-43D2-ACB6-7526623EC28A}.Release|Any CPU.ActiveCfg = Release|Any CPU
		{E5D2E7AE-584B-43D2-ACB6-7526623EC28A}.Release|Any CPU.Build.0 = Release|Any CPU
		{41763B09-6C28-4EC4-9346-C3D6ABBDC291}.Debug|Any CPU.ActiveCfg = Debug|Any CPU
		{41763B09-6C28-4EC4-9346-C3D6ABBDC291}.Debug|Any CPU.Build.0 = Debug|Any CPU
		{41763B09-6C28-4EC4-9346-C3D6ABBDC291}.Release|Any CPU.ActiveCfg = Release|Any CPU
		{41763B09-6C28-4EC4-9346-C3D6ABBDC291}.Release|Any CPU.Build.0 = Release|Any CPU
		{CD2A21AC-7F35-4AFC-BAE8-0F9F38D5534B}.Debug|Any CPU.ActiveCfg = Debug|Any CPU
		{CD2A21AC-7F35-4AFC-BAE8-0F9F38D5534B}.Debug|Any CPU.Build.0 = Debug|Any CPU
		{CD2A21AC-7F35-4AFC-BAE8-0F9F38D5534B}.Release|Any CPU.ActiveCfg = Release|Any CPU
		{CD2A21AC-7F35-4AFC-BAE8-0F9F38D5534B}.Release|Any CPU.Build.0 = Release|Any CPU
		{D8F36D2F-6BED-4AAE-9783-09CD07F255DE}.Debug|Any CPU.ActiveCfg = Debug|Any CPU
		{D8F36D2F-6BED-4AAE-9783-09CD07F255DE}.Debug|Any CPU.Build.0 = Debug|Any CPU
		{D8F36D2F-6BED-4AAE-9783-09CD07F255DE}.Release|Any CPU.ActiveCfg = Release|Any CPU
		{D8F36D2F-6BED-4AAE-9783-09CD07F255DE}.Release|Any CPU.Build.0 = Release|Any CPU
		{F1F19E4F-75C9-4753-A9D7-CFCE23262B8C}.Debug|Any CPU.ActiveCfg = Debug|Any CPU
		{F1F19E4F-75C9-4753-A9D7-CFCE23262B8C}.Debug|Any CPU.Build.0 = Debug|Any CPU
		{F1F19E4F-75C9-4753-A9D7-CFCE23262B8C}.Release|Any CPU.ActiveCfg = Release|Any CPU
		{F1F19E4F-75C9-4753-A9D7-CFCE23262B8C}.Release|Any CPU.Build.0 = Release|Any CPU
		{6E1955BC-DA2B-4AEC-8ABF-3CE2B40232D8}.Debug|Any CPU.ActiveCfg = Debug|Any CPU
		{6E1955BC-DA2B-4AEC-8ABF-3CE2B40232D8}.Debug|Any CPU.Build.0 = Debug|Any CPU
		{6E1955BC-DA2B-4AEC-8ABF-3CE2B40232D8}.Release|Any CPU.ActiveCfg = Release|Any CPU
		{6E1955BC-DA2B-4AEC-8ABF-3CE2B40232D8}.Release|Any CPU.Build.0 = Release|Any CPU
		{604B2C0E-348F-47B0-82E5-E30C7ED07FAE}.Debug|Any CPU.ActiveCfg = Debug|Any CPU
		{604B2C0E-348F-47B0-82E5-E30C7ED07FAE}.Debug|Any CPU.Build.0 = Debug|Any CPU
		{604B2C0E-348F-47B0-82E5-E30C7ED07FAE}.Release|Any CPU.ActiveCfg = Release|Any CPU
		{604B2C0E-348F-47B0-82E5-E30C7ED07FAE}.Release|Any CPU.Build.0 = Release|Any CPU
		{BD4BBA40-5E86-4388-A2C8-B7DFDF3BDA43}.Debug|Any CPU.ActiveCfg = Debug|Any CPU
		{BD4BBA40-5E86-4388-A2C8-B7DFDF3BDA43}.Debug|Any CPU.Build.0 = Debug|Any CPU
		{BD4BBA40-5E86-4388-A2C8-B7DFDF3BDA43}.Release|Any CPU.ActiveCfg = Release|Any CPU
		{BD4BBA40-5E86-4388-A2C8-B7DFDF3BDA43}.Release|Any CPU.Build.0 = Release|Any CPU
		{DD106C58-CC48-4CA6-A586-3FF02FB1EDD0}.Debug|Any CPU.ActiveCfg = Debug|Any CPU
		{DD106C58-CC48-4CA6-A586-3FF02FB1EDD0}.Debug|Any CPU.Build.0 = Debug|Any CPU
		{DD106C58-CC48-4CA6-A586-3FF02FB1EDD0}.Release|Any CPU.ActiveCfg = Release|Any CPU
		{DD106C58-CC48-4CA6-A586-3FF02FB1EDD0}.Release|Any CPU.Build.0 = Release|Any CPU
		{1B4B721D-3DCC-444A-9B92-30F41F29DF9B}.Debug|Any CPU.ActiveCfg = Debug|Any CPU
		{1B4B721D-3DCC-444A-9B92-30F41F29DF9B}.Debug|Any CPU.Build.0 = Debug|Any CPU
		{1B4B721D-3DCC-444A-9B92-30F41F29DF9B}.Release|Any CPU.ActiveCfg = Release|Any CPU
		{1B4B721D-3DCC-444A-9B92-30F41F29DF9B}.Release|Any CPU.Build.0 = Release|Any CPU
		{6BD1835D-9878-4A93-85EB-D173B6CF986D}.Debug|Any CPU.ActiveCfg = Debug|Any CPU
		{6BD1835D-9878-4A93-85EB-D173B6CF986D}.Debug|Any CPU.Build.0 = Debug|Any CPU
		{6BD1835D-9878-4A93-85EB-D173B6CF986D}.Release|Any CPU.ActiveCfg = Release|Any CPU
		{6BD1835D-9878-4A93-85EB-D173B6CF986D}.Release|Any CPU.Build.0 = Release|Any CPU
	EndGlobalSection
	GlobalSection(SolutionProperties) = preSolution
		HideSolutionNode = FALSE
	EndGlobalSection
	GlobalSection(ExtensibilityGlobals) = postSolution
		SolutionGuid = {EC58E5B9-34E7-42E2-A77D-F4838DB6E080}
	EndGlobalSection
EndGlobal
